{
    "_readme": [
        "This file locks the dependencies of your project to a known state",
        "Read more about it at https://getcomposer.org/doc/01-basic-usage.md#installing-dependencies",
        "This file is @generated automatically"
    ],
    "content-hash": "830b3b0249456c60462626c45560579d",
    "packages": [
        {
            "name": "garkavenkov/advanced-print",
            "version": "dev-master",
            "source": {
                "type": "git",
                "url": "https://github.com/garkavenkov/advanced-print.git",
                "reference": "2c6473ebdad734c9424c05d60371eb421a851e43"
            },
            "dist": {
                "type": "zip",
                "url": "https://api.github.com/repos/garkavenkov/advanced-print/zipball/2c6473ebdad734c9424c05d60371eb421a851e43",
                "reference": "2c6473ebdad734c9424c05d60371eb421a851e43",
                "shasum": ""
            },
            "default-branch": true,
            "type": "library",
            "autoload": {
                "psr-4": {
                    "AdvancedPrint\\": "src/"
                }
            },
            "notification-url": "https://packagist.org/downloads/",
            "license": [
                "MIT"
            ],
            "authors": [
                {
                    "name": "Maksim Garkavenkov",
                    "email": "maksim.garkavenkov@gmail.com"
                }
            ],
            "description": "Colorizes output text in terminal.",
            "support": {
                "issues": "https://github.com/garkavenkov/advanced-print/issues",
                "source": "https://github.com/garkavenkov/advanced-print/tree/v0.3.0"
            },
            "time": "2023-10-04T19:39:25+00:00"
        },
        {
            "name": "garkavenkov/db-connector",
            "version": "dev-master",
            "source": {
                "type": "git",
                "url": "https://github.com/garkavenkov/db-connector.git",
                "reference": "afe80d80b3377ef1fbeecd370bbf46568ae699ba"
            },
            "dist": {
                "type": "zip",
                "url": "https://api.github.com/repos/garkavenkov/db-connector/zipball/afe80d80b3377ef1fbeecd370bbf46568ae699ba",
                "reference": "afe80d80b3377ef1fbeecd370bbf46568ae699ba",
                "shasum": ""
            },
            "default-branch": true,
            "type": "library",
            "autoload": {
                "psr-4": {
                    "DBConnector\\": "src/"
                }
            },
            "notification-url": "https://packagist.org/downloads/",
            "license": [
                "MIT"
            ],
            "authors": [
                {
                    "name": "Maksim Garkavenkov",
                    "email": "maksim.garkavenkov@gmail.com"
                }
            ],
            "description": "Wrapper for PDO",
            "support": {
                "issues": "https://github.com/garkavenkov/db-connector/issues",
                "source": "https://github.com/garkavenkov/db-connector/tree/v1.0.2"
            },
            "time": "2017-09-09T19:13:16+00:00"
        },
        {
            "name": "garkavenkov/registry",
            "version": "dev-main",
            "source": {
                "type": "git",
                "url": "https://github.com/garkavenkov/registry.git",
                "reference": "4f559c866dea451f5933c03005b8fd945b51d346"
            },
            "dist": {
                "type": "zip",
                "url": "https://api.github.com/repos/garkavenkov/registry/zipball/4f559c866dea451f5933c03005b8fd945b51d346",
                "reference": "4f559c866dea451f5933c03005b8fd945b51d346",
                "shasum": ""
            },
            "default-branch": true,
            "type": "library",
            "autoload": {
                "psr-4": {
                    "Registry\\": "src/"
                }
            },
            "notification-url": "https://packagist.org/downloads/",
            "license": [
                "MIT"
            ],
            "authors": [
                {
                    "name": "Maksim Garkavenkov",
                    "email": "maksim.garkavenkov@gmail.com"
                }
            ],
            "description": "Key / instance storeroom",
            "support": {
                "issues": "https://github.com/garkavenkov/registry/issues",
                "source": "https://github.com/garkavenkov/registry/tree/v1.0.0"
            },
            "time": "2023-09-25T17:49:01+00:00"
        }
    ],
    "packages-dev": [],
    "aliases": [],
    "minimum-stability": "dev",
    "stability-flags": {
        "garkavenkov/db-connector": 20,
        "garkavenkov/registry": 20,
        "garkavenkov/advanced-print": 20
    },
    "prefer-stable": false,
    "prefer-lowest": false,
    "platform": [],
    "platform-dev": [],
    "plugin-api-version": "2.2.0"
}
